
Microsoft Visual Studio Solution File, Format Version 12.00
# Visual Studio Version 16
VisualStudioVersion = 16.0.30717.126
MinimumVisualStudioVersion = 10.0.40219.1
Project("{FAE04EC0-301F-11D3-BF4B-00C04F79EFBC}") = "DemoAPI", "DemoAPI\DemoAPI.csproj", "{01283B57-E92B-4F57-A6DC-FBB94FBEA93B}"
EndProject
Project("{FAE04EC0-301F-11D3-BF4B-00C04F79EFBC}") = "Domain", "Domain\Domain.csproj", "{152432B3-1480-444B-B98F-69F55DD816DB}"
EndProject
Project("{FAE04EC0-301F-11D3-BF4B-00C04F79EFBC}") = "Data.Mock", "Data.Mock\Data.Mock.csproj", "{1A471A7C-7A92-43B7-827A-089FE85ED003}"
EndProject
Global
	GlobalSection(SolutionConfigurationPlatforms) = preSolution
		Debug|Any CPU = Debug|Any CPU
		Release|Any CPU = Release|Any CPU
	EndGlobalSection
	GlobalSection(ProjectConfigurationPlatforms) = postSolution
		{01283B57-E92B-4F57-A6DC-FBB94FBEA93B}.Debug|Any CPU.ActiveCfg = Debug|Any CPU
		{01283B57-E92B-4F57-A6DC-FBB94FBEA93B}.Debug|Any CPU.Build.0 = Debug|Any CPU
		{01283B57-E92B-4F57-A6DC-FBB94FBEA93B}.Release|Any CPU.ActiveCfg = Release|Any CPU
		{01283B57-E92B-4F57-A6DC-FBB94FBEA93B}.Release|Any CPU.Build.0 = Release|Any CPU
		{152432B3-1480-444B-B98F-69F55DD816DB}.Debug|Any CPU.ActiveCfg = Debug|Any CPU
		{152432B3-1480-444B-B98F-69F55DD816DB}.Debug|Any CPU.Build.0 = Debug|Any CPU
		{152432B3-1480-444B-B98F-69F55DD816DB}.Release|Any CPU.ActiveCfg = Release|Any CPU
		{152432B3-1480-444B-B98F-69F55DD816DB}.Release|Any CPU.Build.0 = Release|Any CPU
		{1A471A7C-7A92-43B7-827A-089FE85ED003}.Debug|Any CPU.ActiveCfg = Debug|Any CPU
		{1A471A7C-7A92-43B7-827A-089FE85ED003}.Debug|Any CPU.Build.0 = Debug|Any CPU
		{1A471A7C-7A92-43B7-827A-089FE85ED003}.Release|Any CPU.ActiveCfg = Release|Any CPU
		{1A471A7C-7A92-43B7-827A-089FE85ED003}.Release|Any CPU.Build.0 = Release|Any CPU
	EndGlobalSection
	GlobalSection(SolutionProperties) = preSolution
		HideSolutionNode = FALSE
	EndGlobalSection
	GlobalSection(ExtensibilityGlobals) = postSolution
		SolutionGuid = {5266FB96-FDB1-478C-8549-F14A44FE9387}
	EndGlobalSection
EndGlobal
